
Microsoft Visual Studio Solution File, Format Version 12.00
# Visual Studio 15
VisualStudioVersion = 15.0.28307.168
MinimumVisualStudioVersion = 10.0.40219.1
Project("{FAE04EC0-301F-11D3-BF4B-00C04F79EFBC}") = "LaporanHasil", "LaporanHasil\LaporanHasil.csproj", "{24B2E913-CFF4-453E-8779-9BB6CA428147}"
EndProject
Global
	GlobalSection(SolutionConfigurationPlatforms) = preSolution
		Debug|Any CPU = Debug|Any CPU
		Release|Any CPU = Release|Any CPU
	EndGlobalSection
	GlobalSection(ProjectConfigurationPlatforms) = postSolution
		{24B2E913-CFF4-453E-8779-9BB6CA428147}.Debug|Any CPU.ActiveCfg = Debug|Any CPU
		{24B2E913-CFF4-453E-8779-9BB6CA428147}.Debug|Any CPU.Build.0 = Debug|Any CPU
		{24B2E913-CFF4-453E-8779-9BB6CA428147}.Release|Any CPU.ActiveCfg = Release|Any CPU
		{24B2E913-CFF4-453E-8779-9BB6CA428147}.Release|Any CPU.Build.0 = Release|Any CPU
	EndGlobalSection
	GlobalSection(SolutionProperties) = preSolution
		HideSolutionNode = FALSE
	EndGlobalSection
	GlobalSection(ExtensibilityGlobals) = postSolution
		SolutionGuid = {7E384A35-9EF8-4A94-843D-E73A5543252F}
	EndGlobalSection
EndGlobal
